
Microsoft Visual Studio Solution File, Format Version 12.00
# Visual Studio Version 17
VisualStudioVersion = 17.5.33516.290
MinimumVisualStudioVersion = 10.0.40219.1
Project("{FAE04EC0-301F-11D3-BF4B-00C04F79EFBC}") = "EduReviewApp", "EduReviewApp.csproj", "{50423943-14F5-462B-9279-479FA24A289A}"
EndProject
Global
	GlobalSection(SolutionConfigurationPlatforms) = preSolution
		Debug|Any CPU = Debug|Any CPU
		Release|Any CPU = Release|Any CPU
	EndGlobalSection
	GlobalSection(ProjectConfigurationPlatforms) = postSolution
		{50423943-14F5-462B-9279-479FA24A289A}.Debug|Any CPU.ActiveCfg = Debug|Any CPU
		{50423943-14F5-462B-9279-479FA24A289A}.Debug|Any CPU.Build.0 = Debug|Any CPU
		{50423943-14F5-462B-9279-479FA24A289A}.Release|Any CPU.ActiveCfg = Release|Any CPU
		{50423943-14F5-462B-9279-479FA24A289A}.Release|Any CPU.Build.0 = Release|Any CPU
	EndGlobalSection
	GlobalSection(SolutionProperties) = preSolution
		HideSolutionNode = FALSE
	EndGlobalSection
	GlobalSection(ExtensibilityGlobals) = postSolution
		SolutionGuid = {CE7894B7-38DB-4952-953C-B075A0204549}
	EndGlobalSection
EndGlobal
